
Microsoft Visual Studio Solution File, Format Version 12.00
# Visual Studio Version 16
VisualStudioVersion = 16.0.29215.179
MinimumVisualStudioVersion = 10.0.40219.1
Project("{8BC9CEB8-8B4A-11D0-8D11-00A0C91BC942}") = "Tangra", "Tangra\Tangra.vcxproj", "{63C8B6AC-6F7E-4C3B-A907-C3BC4CA6587E}"
EndProject
Global
	GlobalSection(SolutionConfigurationPlatforms) = preSolution
		Debug|x64 = Debug|x64
		DirtyCodeDebug|x64 = DirtyCodeDebug|x64
		DirtyCodeRelease|x64 = DirtyCodeRelease|x64
		Release|x64 = Release|x64
	EndGlobalSection
	GlobalSection(ProjectConfigurationPlatforms) = postSolution
		{63C8B6AC-6F7E-4C3B-A907-C3BC4CA6587E}.Debug|x64.ActiveCfg = Debug|x64
		{63C8B6AC-6F7E-4C3B-A907-C3BC4CA6587E}.Debug|x64.Build.0 = Debug|x64
		{63C8B6AC-6F7E-4C3B-A907-C3BC4CA6587E}.DirtyCodeDebug|x64.ActiveCfg = DirtyCodeDebug|x64
		{63C8B6AC-6F7E-4C3B-A907-C3BC4CA6587E}.DirtyCodeDebug|x64.Build.0 = DirtyCodeDebug|x64
		{63C8B6AC-6F7E-4C3B-A907-C3BC4CA6587E}.DirtyCodeRelease|x64.ActiveCfg = DirtyCodeRelease|x64
		{63C8B6AC-6F7E-4C3B-A907-C3BC4CA6587E}.DirtyCodeRelease|x64.Build.0 = DirtyCodeRelease|x64
		{63C8B6AC-6F7E-4C3B-A907-C3BC4CA6587E}.Release|x64.ActiveCfg = Release|x64
		{63C8B6AC-6F7E-4C3B-A907-C3BC4CA6587E}.Release|x64.Build.0 = Release|x64
	EndGlobalSection
	GlobalSection(SolutionProperties) = preSolution
		HideSolutionNode = FALSE
	EndGlobalSection
	GlobalSection(ExtensibilityGlobals) = postSolution
		SolutionGuid = {DDB99304-104A-40EF-B27E-B78E07BC8377}
	EndGlobalSection
EndGlobal
